
Microsoft Visual Studio Solution File, Format Version 12.00
# Visual Studio Version 17
VisualStudioVersion = 17.7.34302.85
MinimumVisualStudioVersion = 10.0.40219.1
Project("{FAE04EC0-301F-11D3-BF4B-00C04F79EFBC}") = "ChocolateLib", "ChocolateLib\ChocolateLib.csproj", "{152690A6-2385-4706-9899-F99E885E69B4}"
EndProject
Project("{FAE04EC0-301F-11D3-BF4B-00C04F79EFBC}") = "EasterEggsRepositoryTest", "EasterEggsRepositoryTest\EasterEggsRepositoryTest.csproj", "{342B2AF2-8618-4E73-80D0-A139A78F21CA}"
EndProject
Global
	GlobalSection(SolutionConfigurationPlatforms) = preSolution
		Debug|Any CPU = Debug|Any CPU
		Release|Any CPU = Release|Any CPU
	EndGlobalSection
	GlobalSection(ProjectConfigurationPlatforms) = postSolution
		{152690A6-2385-4706-9899-F99E885E69B4}.Debug|Any CPU.ActiveCfg = Debug|Any CPU
		{152690A6-2385-4706-9899-F99E885E69B4}.Debug|Any CPU.Build.0 = Debug|Any CPU
		{152690A6-2385-4706-9899-F99E885E69B4}.Release|Any CPU.ActiveCfg = Release|Any CPU
		{152690A6-2385-4706-9899-F99E885E69B4}.Release|Any CPU.Build.0 = Release|Any CPU
		{342B2AF2-8618-4E73-80D0-A139A78F21CA}.Debug|Any CPU.ActiveCfg = Debug|Any CPU
		{342B2AF2-8618-4E73-80D0-A139A78F21CA}.Debug|Any CPU.Build.0 = Debug|Any CPU
		{342B2AF2-8618-4E73-80D0-A139A78F21CA}.Release|Any CPU.ActiveCfg = Release|Any CPU
		{342B2AF2-8618-4E73-80D0-A139A78F21CA}.Release|Any CPU.Build.0 = Release|Any CPU
	EndGlobalSection
	GlobalSection(SolutionProperties) = preSolution
		HideSolutionNode = FALSE
	EndGlobalSection
	GlobalSection(ExtensibilityGlobals) = postSolution
		SolutionGuid = {EDD46FE0-CC77-4608-86CD-D418E8DDE309}
	EndGlobalSection
EndGlobal
